// !$*UTF8*$!
{
	archiveVersion = 1;
	classes = {
	};
	objectVersion = 50;
	objects = {

/* Begin PBXBuildFile section */
		2B9CDD9826D74C0E00111CEB /* AppDelegate.swift in Sources */ = {isa = PBXBuildFile; fileRef = 2B9CDD9726D74C0E00111CEB /* AppDelegate.swift */; };
		2B9CDD9A26D74C0E00111CEB /* SceneDelegate.swift in Sources */ = {isa = PBXBuildFile; fileRef = 2B9CDD9926D74C0E00111CEB /* SceneDelegate.swift */; };
		2B9CDD9C26D74C0E00111CEB /* ViewController.swift in Sources */ = {isa = PBXBuildFile; fileRef = 2B9CDD9B26D74C0E00111CEB /* ViewController.swift */; };
		2B9CDD9F26D74C0E00111CEB /* Main.storyboard in Resources */ = {isa = PBXBuildFile; fileRef = 2B9CDD9D26D74C0E00111CEB /* Main.storyboard */; };
		2B9CDDA126D74C5400111CEB /* Assets.xcassets in Resources */ = {isa = PBXBuildFile; fileRef = 2B9CDDA026D74C5400111CEB /* Assets.xcassets */; };
		2B9CDDA426D74C5400111CEB /* LaunchScreen.storyboard in Resources */ = {isa = PBXBuildFile; fileRef = 2B9CDDA226D74C5400111CEB /* LaunchScreen.storyboard */; };
		2BD777E826D77D00000AE934 /* SecondViewC.swift in Sources */ = {isa = PBXBuildFile; fileRef = 2BD777E726D77D00000AE934 /* SecondViewC.swift */; };
/* End PBXBuildFile section */

/* Begin PBXFileReference section */
		2B9CDD9426D74C0E00111CEB /* Project0826.app */ = {isa = PBXFileReference; explicitFileType = wrapper.application; includeInIndex = 0; path = Project0826.app; sourceTree = BUILT_PRODUCTS_DIR; };
		2B9CDD9726D74C0E00111CEB /* AppDelegate.swift */ = {isa = PBXFileReference; lastKnownFileType = sourcecode.swift; path = AppDelegate.swift; sourceTree = "<group>"; };
		2B9CDD9926D74C0E00111CEB /* SceneDelegate.swift */ = {isa = PBXFileReference; lastKnownFileType = sourcecode.swift; path = SceneDelegate.swift; sourceTree = "<group>"; };
		2B9CDD9B26D74C0E00111CEB /* ViewController.swift */ = {isa = PBXFileReference; lastKnownFileType = sourcecode.swift; path = ViewController.swift; sourceTree = "<group>"; };
		2B9CDD9E26D74C0E00111CEB /* Base */ = {isa = PBXFileReference; lastKnownFileType = file.storyboard; name = Base; path = Base.lproj/Main.storyboard; sourceTree = "<group>"; };
		2B9CDDA026D74C5400111CEB /* Assets.xcassets */ = {isa = PBXFileReference; lastKnownFileType = folder.assetcatalog; path = Assets.xcassets; sourceTree = "<group>"; };
		2B9CDDA326D74C5400111CEB /* Base */ = {isa = PBXFileReference; lastKnownFileType = file.storyboard; name = Base; path = Base.lproj/LaunchScreen.storyboard; sourceTree = "<group>"; };
		2B9CDDA526D74C5400111CEB /* Info.plist */ = {isa = PBXFileReference; lastKnownFileType = text.plist.xml; path = Info.plist; sourceTree = "<group>"; };
		2BD777E726D77D00000AE934 /* SecondViewC.swift */ = {isa = PBXFileReference; lastKnownFileType = sourcecode.swift; path = SecondViewC.swift; sourceTree = "<group>"; };
/* End PBXFileReference section */

/* Begin PBXFrameworksBuildPhase section */
		2B9CDD9126D74C0E00111CEB /* Frameworks */ = {
			isa = PBXFrameworksBuildPhase;
			buildActionMask = 2147483647;
			files = (
			);
			runOnlyForDeploymentPostprocessing = 0;
		};
/* End PBXFrameworksBuildPhase section */

/* Begin PBXGroup section */
		2B9CDD8B26D74C0E00111CEB = {
			isa = PBXGroup;
			children = (
				2B9CDD9626D74C0E00111CEB /* Project0826 */,
				2B9CDD9526D74C0E00111CEB /* Products */,
			);
			sourceTree = "<group>";
		};
		2B9CDD9526D74C0E00111CEB /* Products */ = {
			isa = PBXGroup;
			children = (
				2B9CDD9426D74C0E00111CEB /* Project0826.app */,
			);
			name = Products;
			sourceTree = "<group>";
		};
		2B9CDD9626D74C0E00111CEB /* Project0826 */ = {
			isa = PBXGroup;
			children = (
				2B9CDD9726D74C0E00111CEB /* AppDelegate.swift */,
				2B9CDD9926D74C0E00111CEB /* SceneDelegate.swift */,
				2B9CDD9B26D74C0E00111CEB /* ViewController.swift */,
				2B9CDD9D26D74C0E00111CEB /* Main.storyboard */,
				2B9CDDA026D74C5400111CEB /* Assets.xcassets */,
				2B9CDDA226D74C5400111CEB /* LaunchScreen.storyboard */,
				2B9CDDA526D74C5400111CEB /* Info.plist */,
				2BD777E726D77D00000AE934 /* SecondViewC.swift */,
			);
			path = Project0826;
			sourceTree = "<group>";
		};
/* End PBXGroup section */

/* Begin PBXNativeTarget section */
		2B9CDD9326D74C0E00111CEB /* Project0826 */ = {
			isa = PBXNativeTarget;
			buildConfigurationList = 2B9CDDA826D74C5400111CEB /* Build configuration list for PBXNativeTarget "Project0826" */;
			buildPhases = (
				2B9CDD9026D74C0E00111CEB /* Sources */,
				2B9CDD9126D74C0E00111CEB /* Frameworks */,
				2B9CDD9226D74C0E00111CEB /* Resources */,
			);
			buildRules = (
			);
			dependencies = (
			);
			name = Project0826;
			productName = Project0826;
			productReference = 2B9CDD9426D74C0E00111CEB /* Project0826.app */;
			productType = "com.apple.product-type.application";
		};
/* End PBXNativeTarget section */

/* Begin PBXProject section */
		2B9CDD8C26D74C0E00111CEB /* Project object */ = {
			isa = PBXProject;
			attributes = {
				LastSwiftUpdateCheck = 1220;
				LastUpgradeCheck = 1220;
				TargetAttributes = {
					2B9CDD9326D74C0E00111CEB = {
						CreatedOnToolsVersion = 12.2;
					};
				};
			};
			buildConfigurationList = 2B9CDD8F26D74C0E00111CEB /* Build configuration list for PBXProject "Project0826" */;
			compatibilityVersion = "Xcode 9.3";
			developmentRegion = en;
			hasScannedForEncodings = 0;
			knownRegions = (
				en,
				Base,
			);
			mainGroup = 2B9CDD8B26D74C0E00111CEB;
			productRefGroup = 2B9CDD9526D74C0E00111CEB /* Products */;
			projectDirPath = "";
			projectRoot = "";
			targets = (
				2B9CDD9326D74C0E00111CEB /* Project0826 */,
			);
		};
/* End PBXProject section */

/* Begin PBXResourcesBuildPhase section */
		2B9CDD9226D74C0E00111CEB /* Resources */ = {
			isa = PBXResourcesBuildPhase;
			buildActionMask = 2147483647;
			files = (
				2B9CDDA426D74C5400111CEB /* LaunchScreen.storyboard in Resources */,
				2B9CDDA126D74C5400111CEB /* Assets.xcassets in Resources */,
				2B9CDD9F26D74C0E00111CEB /* Main.storyboard in Resources */,
			);
			runOnlyForDeploymentPostprocessing = 0;
		};
/* End PBXResourcesBuildPhase section */

/* Begin PBXSourcesBuildPhase section */
		2B9CDD9026D74C0E00111CEB /* Sources */ = {
			isa = PBXSourcesBuildPhase;
			buildActionMask = 2147483647;
			files = (
				2B9CDD9C26D74C0E00111CEB /* ViewController.swift in Sources */,
				2B9CDD9826D74C0E00111CEB /* AppDelegate.swift in Sources */,
				2BD777E826D77D00000AE934 /* SecondViewC.swift in Sources */,
				2B9CDD9A26D74C0E00111CEB /* SceneDelegate.swift in Sources */,
			);
			runOnlyForDeploymentPostprocessing = 0;
		};
/* End PBXSourcesBuildPhase section */

/* Begin PBXVariantGroup section */
		2B9CDD9D26D74C0E00111CEB /* Main.storyboard */ = {
			isa = PBXVariantGroup;
			children = (
				2B9CDD9E26D74C0E00111CEB /* Base */,
			);
			name = Main.storyboard;
			sourceTree = "<group>";
		};
		2B9CDDA226D74C5400111CEB /* LaunchScreen.storyboard */ = {
			isa = PBXVariantGroup;
			children = (
				2B9CDDA326D74C5400111CEB /* Base */,
			);
			name = LaunchScreen.storyboard;
			sourceTree = "<group>";
		};
/* End PBXVariantGroup section */

/* Begin XCBuildConfiguration section */
		2B9CDDA626D74C5400111CEB /* Debug */ = {
			isa = XCBuildConfiguration;
			buildSettings = {
				ALWAYS_SEARCH_USER_PATHS = NO;
				CLANG_ANALYZER_NONNULL = YES;
				CLANG_ANALYZER_NUMBER_OBJECT_CONVERSION = YES_AGGRESSIVE;
				CLANG_CXX_LANGUAGE_STANDARD = "gnu++14";
				CLANG_CXX_LIBRARY = "libc++";
				CLANG_ENABLE_MODULES = YES;
				CLANG_ENABLE_OBJC_ARC = YES;
				CLANG_ENABLE_OBJC_WEAK = YES;
				CLANG_WARN_BLOCK_CAPTURE_AUTORELEASING = YES;
				CLANG_WARN_BOOL_CONVERSION = YES;
				CLANG_WARN_COMMA = YES;
				CLANG_WARN_CONSTANT_CONVERSION = YES;
				CLANG_WARN_DEPRECATED_OBJC_IMPLEMENTATIONS = YES;
				CLANG_WARN_DIRECT_OBJC_ISA_USAGE = YES_ERROR;
				CLANG_WARN_DOCUMENTATION_COMMENTS = YES;
				CLANG_WARN_EMPTY_BODY = YES;
				CLANG_WARN_ENUM_CONVERSION = YES;
				CLANG_WARN_INFINITE_RECURSION = YES;
				CLANG_WARN_INT_CONVERSION = YES;
				CLANG_WARN_NON_LITERAL_NULL_CONVERSION = YES;
				CLANG_WARN_OBJC_IMPLICIT_RETAIN_SELF = YES;
				CLANG_WARN_OBJC_LITERAL_CONVERSION = YES;
				CLANG_WARN_OBJC_ROOT_CLASS = YES_ERROR;
				CLANG_WARN_QUOTED_INCLUDE_IN_FRAMEWORK_HEADER = YES;
				CLANG_WARN_RANGE_LOOP_ANALYSIS = YES;
				CLANG_WARN_STRICT_PROTOTYPES = YES;
				CLANG_WARN_SUSPICIOUS_MOVE = YES;
				CLANG_WARN_UNGUARDED_AVAILABILITY = YES_AGGRESSIVE;
				CLANG_WARN_UNREACHABLE_CODE = YES;
				CLANG_WARN__DUPLICATE_METHOD_MATCH = YES;
				COPY_PHASE_STRIP = NO;
				DEBUG_INFORMATION_FORMAT = dwarf;
				ENABLE_STRICT_OBJC_MSGSEND = YES;
				ENABLE_TESTABILITY = YES;
				GCC_C_LANGUAGE_STANDARD = gnu11;
				GCC_DYNAMIC_NO_PIC = NO;
				GCC_NO_COMMON_BLOCKS = YES;
				GCC_OPTIMIZATION_LEVEL = 0;
				GCC_PREPROCESSOR_DEFINITIONS = (
					"DEBUG=1",
					"$(inherited)",
				);
				GCC_WARN_64_TO_32_BIT_CONVERSION = YES;
				GCC_WARN_ABOUT_RETURN_TYPE = YES_ERROR;
				GCC_WARN_UNDECLARED_SELECTOR = YES;
				GCC_WARN_UNINITIALIZED_AUTOS = YES_AGGRESSIVE;
				GCC_WARN_UNUSED_FUNCTION = YES;
				GCC_WARN_UNUSED_VARIABLE = YES;
				IPHONEOS_DEPLOYMENT_TARGET = 14.2;
				MTL_ENABLE_DEBUG_INFO = INCLUDE_SOURCE;
				MTL_FAST_MATH = YES;
				ONLY_ACTIVE_ARCH = YES;
				SDKROOT = iphoneos;
				SWIFT_ACTIVE_COMPILATION_CONDITIONS = DEBUG;
				SWIFT_OPTIMIZATION_LEVEL = "-Onone";
			};
			name = Debug;
		};
		2B9CDDA726D74C5400111CEB /* Release */ = {
			isa = XCBuildConfiguration;
			buildSettings = {
				ALWAYS_SEARCH_USER_PATHS = NO;
				CLANG_ANALYZER_NONNULL = YES;
				CLANG_ANALYZER_NUMBER_OBJECT_CONVERSION = YES_AGGRESSIVE;
				CLANG_CXX_LANGUAGE_STANDARD = "gnu++14";
				CLANG_CXX_LIBRARY = "libc++";
				CLANG_ENABLE_MODULES = YES;
				CLANG_ENABLE_OBJC_ARC = YES;
				CLANG_ENABLE_OBJC_WEAK = YES;
				CLANG_WARN_BLOCK_CAPTURE_AUTORELEASING = YES;
				CLANG_WARN_BOOL_CONVERSION = YES;
				CLANG_WARN_COMMA = YES;
				CLANG_WARN_CONSTANT_CONVERSION = YES;
				CLANG_WARN_DEPRECATED_OBJC_IMPLEMENTATIONS = YES;
				CLANG_WARN_DIRECT_OBJC_ISA_USAGE = YES_ERROR;
				CLANG_WARN_DOCUMENTATION_COMMENTS = YES;
				CLANG_WARN_EMPTY_BODY = YES;
				CLANG_WARN_ENUM_CONVERSION = YES;
				CLANG_WARN_INFINITE_RECURSION = YES;
				CLANG_WARN_INT_CONVERSION = YES;
				CLANG_WARN_NON_LITERAL_NULL_CONVERSION = YES;
				CLANG_WARN_OBJC_IMPLICIT_RETAIN_SELF = YES;
				CLANG_WARN_OBJC_LITERAL_CONVERSION = YES;
				CLANG_WARN_OBJC_ROOT_CLASS = YES_ERROR;
				CLANG_WARN_QUOTED_INCLUDE_IN_FRAMEWORK_HEADER = YES;
				CLANG_WARN_RANGE_LOOP_ANALYSIS = YES;
				CLANG_WARN_STRICT_PROTOTYPES = YES;
				CLANG_WARN_SUSPICIOUS_MOVE = YES;
				CLANG_WARN_UNGUARDED_AVAILABILITY = YES_AGGRESSIVE;
				CLANG_WARN_UNREACHABLE_CODE = YES;
				CLANG_WARN__DUPLICATE_METHOD_MATCH = YES;
				COPY_PHASE_STRIP = NO;
				DEBUG_INFORMATION_FORMAT = "dwarf-with-dsym";
				ENABLE_NS_ASSERTIONS = NO;
				ENABLE_STRICT_OBJC_MSGSEND = YES;
				GCC_C_LANGUAGE_STANDARD = gnu11;
				GCC_NO_COMMON_BLOCKS = YES;
				GCC_WARN_64_TO_32_BIT_CONVERSION = YES;
				GCC_WARN_ABOUT_RETURN_TYPE = YES_ERROR;
				GCC_WARN_UNDECLARED_SELECTOR = YES;
				GCC_WARN_UNINITIALIZED_AUTOS = YES_AGGRESSIVE;
				GCC_WARN_UNUSED_FUNCTION = YES;
				GCC_WARN_UNUSED_VARIABLE = YES;
				IPHONEOS_DEPLOYMENT_TARGET = 14.2;
				MTL_ENABLE_DEBUG_INFO = NO;
				MTL_FAST_MATH = YES;
				SDKROOT = iphoneos;
				SWIFT_COMPILATION_MODE = wholemodule;
				SWIFT_OPTIMIZATION_LEVEL = "-O";
				VALIDATE_PRODUCT = YES;
			};
			name = Release;
		};
		2B9CDDA926D74C5400111CEB /* Debug */ = {
			isa = XCBuildConfiguration;
			buildSettings = {
				ASSETCATALOG_COMPILER_APPICON_NAME = AppIcon;
				ASSETCATALOG_COMPILER_GLOBAL_ACCENT_COLOR_NAME = AccentColor;
				CODE_SIGN_STYLE = Automatic;
				DEVELOPMENT_TEAM = 2Q6MH57SWY;
				INFOPLIST_FILE = Project0826/Info.plist;
				LD_RUNPATH_SEARCH_PATHS = (
					"$(inherited)",
					"@executable_path/Frameworks",
				);
				PRODUCT_BUNDLE_IDENTIFIER = com.jsy.Project0826;
				PRODUCT_NAME = "$(TARGET_NAME)";
				SWIFT_VERSION = 5.0;
				TARGETED_DEVICE_FAMILY = "1,2";
			};
			name = Debug;
		};
		2B9CDDAA26D74C5400111CEB /* Release */ = {
			isa = XCBuildConfiguration;
			buildSettings = {
				ASSETCATALOG_COMPILER_APPICON_NAME = AppIcon;
				ASSETCATALOG_COMPILER_GLOBAL_ACCENT_COLOR_NAME = AccentColor;
				CODE_SIGN_STYLE = Automatic;
				DEVELOPMENT_TEAM = 2Q6MH57SWY;
				INFOPLIST_FILE = Project0826/Info.plist;
				LD_RUNPATH_SEARCH_PATHS = (
					"$(inherited)",
					"@executable_path/Frameworks",
				);
				PRODUCT_BUNDLE_IDENTIFIER = com.jsy.Project0826;
				PRODUCT_NAME = "$(TARGET_NAME)";
				SWIFT_VERSION = 5.0;
				TARGETED_DEVICE_FAMILY = "1,2";
			};
			name = Release;
		};
/* End XCBuildConfiguration section */

/* Begin XCConfigurationList section */
		2B9CDD8F26D74C0E00111CEB /* Build configuration list for PBXProject "Project0826" */ = {
			isa = XCConfigurationList;
			buildConfigurations = (
				2B9CDDA626D74C5400111CEB /* Debug */,
				2B9CDDA726D74C5400111CEB /* Release */,
			);
			defaultConfigurationIsVisible = 0;
			defaultConfigurationName = Release;
		};
		2B9CDDA826D74C5400111CEB /* Build configuration list for PBXNativeTarget "Project0826" */ = {
			isa = XCConfigurationList;
			buildConfigurations = (
				2B9CDDA926D74C5400111CEB /* Debug */,
				2B9CDDAA26D74C5400111CEB /* Release */,
			);
			defaultConfigurationIsVisible = 0;
			defaultConfigurationName = Release;
		};
/* End XCConfigurationList section */
	};
	rootObject = 2B9CDD8C26D74C0E00111CEB /* Project object */;
}
