// !$*UTF8*$!
{
	archiveVersion = 1;
	classes = {
	};
	objectVersion = 50;
	objects = {

/* Begin PBXBuildFile section */
		2B9CDD7326D5F83000111CEB /* AppDelegate.swift in Sources */ = {isa = PBXBuildFile; fileRef = 2B9CDD7226D5F83000111CEB /* AppDelegate.swift */; };
		2B9CDD7526D5F83000111CEB /* SceneDelegate.swift in Sources */ = {isa = PBXBuildFile; fileRef = 2B9CDD7426D5F83000111CEB /* SceneDelegate.swift */; };
		2B9CDD7726D5F83000111CEB /* ViewController.swift in Sources */ = {isa = PBXBuildFile; fileRef = 2B9CDD7626D5F83000111CEB /* ViewController.swift */; };
		2B9CDD7A26D5F83000111CEB /* Main.storyboard in Resources */ = {isa = PBXBuildFile; fileRef = 2B9CDD7826D5F83000111CEB /* Main.storyboard */; };
		2B9CDD7C26D5F83600111CEB /* Assets.xcassets in Resources */ = {isa = PBXBuildFile; fileRef = 2B9CDD7B26D5F83600111CEB /* Assets.xcassets */; };
		2B9CDD7F26D5F83600111CEB /* LaunchScreen.storyboard in Resources */ = {isa = PBXBuildFile; fileRef = 2B9CDD7D26D5F83600111CEB /* LaunchScreen.storyboard */; };
		D7D108A13DC9BBC97B1B9013 /* Pods_ProjectI.framework in Frameworks */ = {isa = PBXBuildFile; fileRef = 70BE7527553C37AAEF47498E /* Pods_ProjectI.framework */; };
/* End PBXBuildFile section */

/* Begin PBXFileReference section */
		06E6EE962A4FD1D79D0F4772 /* Pods-ProjectI.debug.xcconfig */ = {isa = PBXFileReference; includeInIndex = 1; lastKnownFileType = text.xcconfig; name = "Pods-ProjectI.debug.xcconfig"; path = "Target Support Files/Pods-ProjectI/Pods-ProjectI.debug.xcconfig"; sourceTree = "<group>"; };
		2B9CDD6F26D5F83000111CEB /* ProjectI.app */ = {isa = PBXFileReference; explicitFileType = wrapper.application; includeInIndex = 0; path = ProjectI.app; sourceTree = BUILT_PRODUCTS_DIR; };
		2B9CDD7226D5F83000111CEB /* AppDelegate.swift */ = {isa = PBXFileReference; lastKnownFileType = sourcecode.swift; path = AppDelegate.swift; sourceTree = "<group>"; };
		2B9CDD7426D5F83000111CEB /* SceneDelegate.swift */ = {isa = PBXFileReference; lastKnownFileType = sourcecode.swift; path = SceneDelegate.swift; sourceTree = "<group>"; };
		2B9CDD7626D5F83000111CEB /* ViewController.swift */ = {isa = PBXFileReference; lastKnownFileType = sourcecode.swift; path = ViewController.swift; sourceTree = "<group>"; };
		2B9CDD7926D5F83000111CEB /* Base */ = {isa = PBXFileReference; lastKnownFileType = file.storyboard; name = Base; path = Base.lproj/Main.storyboard; sourceTree = "<group>"; };
		2B9CDD7B26D5F83600111CEB /* Assets.xcassets */ = {isa = PBXFileReference; lastKnownFileType = folder.assetcatalog; path = Assets.xcassets; sourceTree = "<group>"; };
		2B9CDD7E26D5F83600111CEB /* Base */ = {isa = PBXFileReference; lastKnownFileType = file.storyboard; name = Base; path = Base.lproj/LaunchScreen.storyboard; sourceTree = "<group>"; };
		2B9CDD8026D5F83600111CEB /* Info.plist */ = {isa = PBXFileReference; lastKnownFileType = text.plist.xml; path = Info.plist; sourceTree = "<group>"; };
		4897CBD28F02524345340CE0 /* Pods-ProjectI.release.xcconfig */ = {isa = PBXFileReference; includeInIndex = 1; lastKnownFileType = text.xcconfig; name = "Pods-ProjectI.release.xcconfig"; path = "Target Support Files/Pods-ProjectI/Pods-ProjectI.release.xcconfig"; sourceTree = "<group>"; };
		70BE7527553C37AAEF47498E /* Pods_ProjectI.framework */ = {isa = PBXFileReference; explicitFileType = wrapper.framework; includeInIndex = 0; path = Pods_ProjectI.framework; sourceTree = BUILT_PRODUCTS_DIR; };
/* End PBXFileReference section */

/* Begin PBXFrameworksBuildPhase section */
		2B9CDD6C26D5F83000111CEB /* Frameworks */ = {
			isa = PBXFrameworksBuildPhase;
			buildActionMask = 2147483647;
			files = (
				D7D108A13DC9BBC97B1B9013 /* Pods_ProjectI.framework in Frameworks */,
			);
			runOnlyForDeploymentPostprocessing = 0;
		};
/* End PBXFrameworksBuildPhase section */

/* Begin PBXGroup section */
		06885E89D942AE52B1780404 /* Frameworks */ = {
			isa = PBXGroup;
			children = (
				70BE7527553C37AAEF47498E /* Pods_ProjectI.framework */,
			);
			name = Frameworks;
			sourceTree = "<group>";
		};
		2B9CDD6626D5F83000111CEB = {
			isa = PBXGroup;
			children = (
				2B9CDD7126D5F83000111CEB /* ProjectI */,
				2B9CDD7026D5F83000111CEB /* Products */,
				43C27D859B5405D320EF380C /* Pods */,
				06885E89D942AE52B1780404 /* Frameworks */,
			);
			sourceTree = "<group>";
		};
		2B9CDD7026D5F83000111CEB /* Products */ = {
			isa = PBXGroup;
			children = (
				2B9CDD6F26D5F83000111CEB /* ProjectI.app */,
			);
			name = Products;
			sourceTree = "<group>";
		};
		2B9CDD7126D5F83000111CEB /* ProjectI */ = {
			isa = PBXGroup;
			children = (
				2B9CDD7226D5F83000111CEB /* AppDelegate.swift */,
				2B9CDD7426D5F83000111CEB /* SceneDelegate.swift */,
				2B9CDD7626D5F83000111CEB /* ViewController.swift */,
				2B9CDD7826D5F83000111CEB /* Main.storyboard */,
				2B9CDD7B26D5F83600111CEB /* Assets.xcassets */,
				2B9CDD7D26D5F83600111CEB /* LaunchScreen.storyboard */,
				2B9CDD8026D5F83600111CEB /* Info.plist */,
			);
			path = ProjectI;
			sourceTree = "<group>";
		};
		43C27D859B5405D320EF380C /* Pods */ = {
			isa = PBXGroup;
			children = (
				06E6EE962A4FD1D79D0F4772 /* Pods-ProjectI.debug.xcconfig */,
				4897CBD28F02524345340CE0 /* Pods-ProjectI.release.xcconfig */,
			);
			name = Pods;
			path = Pods;
			sourceTree = "<group>";
		};
/* End PBXGroup section */

/* Begin PBXNativeTarget section */
		2B9CDD6E26D5F83000111CEB /* ProjectI */ = {
			isa = PBXNativeTarget;
			buildConfigurationList = 2B9CDD8326D5F83600111CEB /* Build configuration list for PBXNativeTarget "ProjectI" */;
			buildPhases = (
				070D1D1D9FF4E6BF12BBB623 /* [CP] Check Pods Manifest.lock */,
				2B9CDD6B26D5F83000111CEB /* Sources */,
				2B9CDD6C26D5F83000111CEB /* Frameworks */,
				2B9CDD6D26D5F83000111CEB /* Resources */,
				32CD38C4FF94CC142A393D0C /* [CP] Embed Pods Frameworks */,
			);
			buildRules = (
			);
			dependencies = (
			);
			name = ProjectI;
			productName = ProjectI;
			productReference = 2B9CDD6F26D5F83000111CEB /* ProjectI.app */;
			productType = "com.apple.product-type.application";
		};
/* End PBXNativeTarget section */

/* Begin PBXProject section */
		2B9CDD6726D5F83000111CEB /* Project object */ = {
			isa = PBXProject;
			attributes = {
				LastSwiftUpdateCheck = 1220;
				LastUpgradeCheck = 1220;
				TargetAttributes = {
					2B9CDD6E26D5F83000111CEB = {
						CreatedOnToolsVersion = 12.2;
					};
				};
			};
			buildConfigurationList = 2B9CDD6A26D5F83000111CEB /* Build configuration list for PBXProject "ProjectI" */;
			compatibilityVersion = "Xcode 9.3";
			developmentRegion = en;
			hasScannedForEncodings = 0;
			knownRegions = (
				en,
				Base,
			);
			mainGroup = 2B9CDD6626D5F83000111CEB;
			productRefGroup = 2B9CDD7026D5F83000111CEB /* Products */;
			projectDirPath = "";
			projectRoot = "";
			targets = (
				2B9CDD6E26D5F83000111CEB /* ProjectI */,
			);
		};
/* End PBXProject section */

/* Begin PBXResourcesBuildPhase section */
		2B9CDD6D26D5F83000111CEB /* Resources */ = {
			isa = PBXResourcesBuildPhase;
			buildActionMask = 2147483647;
			files = (
				2B9CDD7F26D5F83600111CEB /* LaunchScreen.storyboard in Resources */,
				2B9CDD7C26D5F83600111CEB /* Assets.xcassets in Resources */,
				2B9CDD7A26D5F83000111CEB /* Main.storyboard in Resources */,
			);
			runOnlyForDeploymentPostprocessing = 0;
		};
/* End PBXResourcesBuildPhase section */

/* Begin PBXShellScriptBuildPhase section */
		070D1D1D9FF4E6BF12BBB623 /* [CP] Check Pods Manifest.lock */ = {
			isa = PBXShellScriptBuildPhase;
			buildActionMask = 2147483647;
			files = (
			);
			inputFileListPaths = (
			);
			inputPaths = (
				"${PODS_PODFILE_DIR_PATH}/Podfile.lock",
				"${PODS_ROOT}/Manifest.lock",
			);
			name = "[CP] Check Pods Manifest.lock";
			outputFileListPaths = (
			);
			outputPaths = (
				"$(DERIVED_FILE_DIR)/Pods-ProjectI-checkManifestLockResult.txt",
			);
			runOnlyForDeploymentPostprocessing = 0;
			shellPath = /bin/sh;
			shellScript = "diff \"${PODS_PODFILE_DIR_PATH}/Podfile.lock\" \"${PODS_ROOT}/Manifest.lock\" > /dev/null\nif [ $? != 0 ] ; then\n    # print error to STDERR\n    echo \"error: The sandbox is not in sync with the Podfile.lock. Run 'pod install' or update your CocoaPods installation.\" >&2\n    exit 1\nfi\n# This output is used by Xcode 'outputs' to avoid re-running this script phase.\necho \"SUCCESS\" > \"${SCRIPT_OUTPUT_FILE_0}\"\n";
			showEnvVarsInLog = 0;
		};
		32CD38C4FF94CC142A393D0C /* [CP] Embed Pods Frameworks */ = {
			isa = PBXShellScriptBuildPhase;
			buildActionMask = 2147483647;
			files = (
			);
			inputFileListPaths = (
				"${PODS_ROOT}/Target Support Files/Pods-ProjectI/Pods-ProjectI-frameworks-${CONFIGURATION}-input-files.xcfilelist",
			);
			name = "[CP] Embed Pods Frameworks";
			outputFileListPaths = (
				"${PODS_ROOT}/Target Support Files/Pods-ProjectI/Pods-ProjectI-frameworks-${CONFIGURATION}-output-files.xcfilelist",
			);
			runOnlyForDeploymentPostprocessing = 0;
			shellPath = /bin/sh;
			shellScript = "\"${PODS_ROOT}/Target Support Files/Pods-ProjectI/Pods-ProjectI-frameworks.sh\"\n";
			showEnvVarsInLog = 0;
		};
/* End PBXShellScriptBuildPhase section */

/* Begin PBXSourcesBuildPhase section */
		2B9CDD6B26D5F83000111CEB /* Sources */ = {
			isa = PBXSourcesBuildPhase;
			buildActionMask = 2147483647;
			files = (
				2B9CDD7726D5F83000111CEB /* ViewController.swift in Sources */,
				2B9CDD7326D5F83000111CEB /* AppDelegate.swift in Sources */,
				2B9CDD7526D5F83000111CEB /* SceneDelegate.swift in Sources */,
			);
			runOnlyForDeploymentPostprocessing = 0;
		};
/* End PBXSourcesBuildPhase section */

/* Begin PBXVariantGroup section */
		2B9CDD7826D5F83000111CEB /* Main.storyboard */ = {
			isa = PBXVariantGroup;
			children = (
				2B9CDD7926D5F83000111CEB /* Base */,
			);
			name = Main.storyboard;
			sourceTree = "<group>";
		};
		2B9CDD7D26D5F83600111CEB /* LaunchScreen.storyboard */ = {
			isa = PBXVariantGroup;
			children = (
				2B9CDD7E26D5F83600111CEB /* Base */,
			);
			name = LaunchScreen.storyboard;
			sourceTree = "<group>";
		};
/* End PBXVariantGroup section */

/* Begin XCBuildConfiguration section */
		2B9CDD8126D5F83600111CEB /* Debug */ = {
			isa = XCBuildConfiguration;
			buildSettings = {
				ALWAYS_SEARCH_USER_PATHS = NO;
				CLANG_ANALYZER_NONNULL = YES;
				CLANG_ANALYZER_NUMBER_OBJECT_CONVERSION = YES_AGGRESSIVE;
				CLANG_CXX_LANGUAGE_STANDARD = "gnu++14";
				CLANG_CXX_LIBRARY = "libc++";
				CLANG_ENABLE_MODULES = YES;
				CLANG_ENABLE_OBJC_ARC = YES;
				CLANG_ENABLE_OBJC_WEAK = YES;
				CLANG_WARN_BLOCK_CAPTURE_AUTORELEASING = YES;
				CLANG_WARN_BOOL_CONVERSION = YES;
				CLANG_WARN_COMMA = YES;
				CLANG_WARN_CONSTANT_CONVERSION = YES;
				CLANG_WARN_DEPRECATED_OBJC_IMPLEMENTATIONS = YES;
				CLANG_WARN_DIRECT_OBJC_ISA_USAGE = YES_ERROR;
				CLANG_WARN_DOCUMENTATION_COMMENTS = YES;
				CLANG_WARN_EMPTY_BODY = YES;
				CLANG_WARN_ENUM_CONVERSION = YES;
				CLANG_WARN_INFINITE_RECURSION = YES;
				CLANG_WARN_INT_CONVERSION = YES;
				CLANG_WARN_NON_LITERAL_NULL_CONVERSION = YES;
				CLANG_WARN_OBJC_IMPLICIT_RETAIN_SELF = YES;
				CLANG_WARN_OBJC_LITERAL_CONVERSION = YES;
				CLANG_WARN_OBJC_ROOT_CLASS = YES_ERROR;
				CLANG_WARN_QUOTED_INCLUDE_IN_FRAMEWORK_HEADER = YES;
				CLANG_WARN_RANGE_LOOP_ANALYSIS = YES;
				CLANG_WARN_STRICT_PROTOTYPES = YES;
				CLANG_WARN_SUSPICIOUS_MOVE = YES;
				CLANG_WARN_UNGUARDED_AVAILABILITY = YES_AGGRESSIVE;
				CLANG_WARN_UNREACHABLE_CODE = YES;
				CLANG_WARN__DUPLICATE_METHOD_MATCH = YES;
				COPY_PHASE_STRIP = NO;
				DEBUG_INFORMATION_FORMAT = dwarf;
				ENABLE_STRICT_OBJC_MSGSEND = YES;
				ENABLE_TESTABILITY = YES;
				GCC_C_LANGUAGE_STANDARD = gnu11;
				GCC_DYNAMIC_NO_PIC = NO;
				GCC_NO_COMMON_BLOCKS = YES;
				GCC_OPTIMIZATION_LEVEL = 0;
				GCC_PREPROCESSOR_DEFINITIONS = (
					"DEBUG=1",
					"$(inherited)",
				);
				GCC_WARN_64_TO_32_BIT_CONVERSION = YES;
				GCC_WARN_ABOUT_RETURN_TYPE = YES_ERROR;
				GCC_WARN_UNDECLARED_SELECTOR = YES;
				GCC_WARN_UNINITIALIZED_AUTOS = YES_AGGRESSIVE;
				GCC_WARN_UNUSED_FUNCTION = YES;
				GCC_WARN_UNUSED_VARIABLE = YES;
				IPHONEOS_DEPLOYMENT_TARGET = 14.2;
				MTL_ENABLE_DEBUG_INFO = INCLUDE_SOURCE;
				MTL_FAST_MATH = YES;
				ONLY_ACTIVE_ARCH = YES;
				SDKROOT = iphoneos;
				SWIFT_ACTIVE_COMPILATION_CONDITIONS = DEBUG;
				SWIFT_OPTIMIZATION_LEVEL = "-Onone";
			};
			name = Debug;
		};
		2B9CDD8226D5F83600111CEB /* Release */ = {
			isa = XCBuildConfiguration;
			buildSettings = {
				ALWAYS_SEARCH_USER_PATHS = NO;
				CLANG_ANALYZER_NONNULL = YES;
				CLANG_ANALYZER_NUMBER_OBJECT_CONVERSION = YES_AGGRESSIVE;
				CLANG_CXX_LANGUAGE_STANDARD = "gnu++14";
				CLANG_CXX_LIBRARY = "libc++";
				CLANG_ENABLE_MODULES = YES;
				CLANG_ENABLE_OBJC_ARC = YES;
				CLANG_ENABLE_OBJC_WEAK = YES;
				CLANG_WARN_BLOCK_CAPTURE_AUTORELEASING = YES;
				CLANG_WARN_BOOL_CONVERSION = YES;
				CLANG_WARN_COMMA = YES;
				CLANG_WARN_CONSTANT_CONVERSION = YES;
				CLANG_WARN_DEPRECATED_OBJC_IMPLEMENTATIONS = YES;
				CLANG_WARN_DIRECT_OBJC_ISA_USAGE = YES_ERROR;
				CLANG_WARN_DOCUMENTATION_COMMENTS = YES;
				CLANG_WARN_EMPTY_BODY = YES;
				CLANG_WARN_ENUM_CONVERSION = YES;
				CLANG_WARN_INFINITE_RECURSION = YES;
				CLANG_WARN_INT_CONVERSION = YES;
				CLANG_WARN_NON_LITERAL_NULL_CONVERSION = YES;
				CLANG_WARN_OBJC_IMPLICIT_RETAIN_SELF = YES;
				CLANG_WARN_OBJC_LITERAL_CONVERSION = YES;
				CLANG_WARN_OBJC_ROOT_CLASS = YES_ERROR;
				CLANG_WARN_QUOTED_INCLUDE_IN_FRAMEWORK_HEADER = YES;
				CLANG_WARN_RANGE_LOOP_ANALYSIS = YES;
				CLANG_WARN_STRICT_PROTOTYPES = YES;
				CLANG_WARN_SUSPICIOUS_MOVE = YES;
				CLANG_WARN_UNGUARDED_AVAILABILITY = YES_AGGRESSIVE;
				CLANG_WARN_UNREACHABLE_CODE = YES;
				CLANG_WARN__DUPLICATE_METHOD_MATCH = YES;
				COPY_PHASE_STRIP = NO;
				DEBUG_INFORMATION_FORMAT = "dwarf-with-dsym";
				ENABLE_NS_ASSERTIONS = NO;
				ENABLE_STRICT_OBJC_MSGSEND = YES;
				GCC_C_LANGUAGE_STANDARD = gnu11;
				GCC_NO_COMMON_BLOCKS = YES;
				GCC_WARN_64_TO_32_BIT_CONVERSION = YES;
				GCC_WARN_ABOUT_RETURN_TYPE = YES_ERROR;
				GCC_WARN_UNDECLARED_SELECTOR = YES;
				GCC_WARN_UNINITIALIZED_AUTOS = YES_AGGRESSIVE;
				GCC_WARN_UNUSED_FUNCTION = YES;
				GCC_WARN_UNUSED_VARIABLE = YES;
				IPHONEOS_DEPLOYMENT_TARGET = 14.2;
				MTL_ENABLE_DEBUG_INFO = NO;
				MTL_FAST_MATH = YES;
				SDKROOT = iphoneos;
				SWIFT_COMPILATION_MODE = wholemodule;
				SWIFT_OPTIMIZATION_LEVEL = "-O";
				VALIDATE_PRODUCT = YES;
			};
			name = Release;
		};
		2B9CDD8426D5F83600111CEB /* Debug */ = {
			isa = XCBuildConfiguration;
			baseConfigurationReference = 06E6EE962A4FD1D79D0F4772 /* Pods-ProjectI.debug.xcconfig */;
			buildSettings = {
				ASSETCATALOG_COMPILER_APPICON_NAME = AppIcon;
				ASSETCATALOG_COMPILER_GLOBAL_ACCENT_COLOR_NAME = AccentColor;
				CODE_SIGN_STYLE = Automatic;
				DEVELOPMENT_TEAM = 2Q6MH57SWY;
				INFOPLIST_FILE = ProjectI/Info.plist;
				LD_RUNPATH_SEARCH_PATHS = (
					"$(inherited)",
					"@executable_path/Frameworks",
				);
				PRODUCT_BUNDLE_IDENTIFIER = com.jsy.ProjectI;
				PRODUCT_NAME = "$(TARGET_NAME)";
				SWIFT_VERSION = 5.0;
				TARGETED_DEVICE_FAMILY = "1,2";
			};
			name = Debug;
		};
		2B9CDD8526D5F83600111CEB /* Release */ = {
			isa = XCBuildConfiguration;
			baseConfigurationReference = 4897CBD28F02524345340CE0 /* Pods-ProjectI.release.xcconfig */;
			buildSettings = {
				ASSETCATALOG_COMPILER_APPICON_NAME = AppIcon;
				ASSETCATALOG_COMPILER_GLOBAL_ACCENT_COLOR_NAME = AccentColor;
				CODE_SIGN_STYLE = Automatic;
				DEVELOPMENT_TEAM = 2Q6MH57SWY;
				INFOPLIST_FILE = ProjectI/Info.plist;
				LD_RUNPATH_SEARCH_PATHS = (
					"$(inherited)",
					"@executable_path/Frameworks",
				);
				PRODUCT_BUNDLE_IDENTIFIER = com.jsy.ProjectI;
				PRODUCT_NAME = "$(TARGET_NAME)";
				SWIFT_VERSION = 5.0;
				TARGETED_DEVICE_FAMILY = "1,2";
			};
			name = Release;
		};
/* End XCBuildConfiguration section */

/* Begin XCConfigurationList section */
		2B9CDD6A26D5F83000111CEB /* Build configuration list for PBXProject "ProjectI" */ = {
			isa = XCConfigurationList;
			buildConfigurations = (
				2B9CDD8126D5F83600111CEB /* Debug */,
				2B9CDD8226D5F83600111CEB /* Release */,
			);
			defaultConfigurationIsVisible = 0;
			defaultConfigurationName = Release;
		};
		2B9CDD8326D5F83600111CEB /* Build configuration list for PBXNativeTarget "ProjectI" */ = {
			isa = XCConfigurationList;
			buildConfigurations = (
				2B9CDD8426D5F83600111CEB /* Debug */,
				2B9CDD8526D5F83600111CEB /* Release */,
			);
			defaultConfigurationIsVisible = 0;
			defaultConfigurationName = Release;
		};
/* End XCConfigurationList section */
	};
	rootObject = 2B9CDD6726D5F83000111CEB /* Project object */;
}
