// !$*UTF8*$!
{
	archiveVersion = 1;
	classes = {
	};
	objectVersion = 50;
	objects = {

/* Begin PBXBuildFile section */
		2BD777F726D8728C000AE934 /* AppDelegate.swift in Sources */ = {isa = PBXBuildFile; fileRef = 2BD777F626D8728C000AE934 /* AppDelegate.swift */; };
		2BD777F926D8728C000AE934 /* SceneDelegate.swift in Sources */ = {isa = PBXBuildFile; fileRef = 2BD777F826D8728C000AE934 /* SceneDelegate.swift */; };
		2BD777FB26D8728C000AE934 /* ViewController.swift in Sources */ = {isa = PBXBuildFile; fileRef = 2BD777FA26D8728C000AE934 /* ViewController.swift */; };
		2BD777FE26D8728C000AE934 /* Main.storyboard in Resources */ = {isa = PBXBuildFile; fileRef = 2BD777FC26D8728C000AE934 /* Main.storyboard */; };
		2BD7780026D8728F000AE934 /* Assets.xcassets in Resources */ = {isa = PBXBuildFile; fileRef = 2BD777FF26D8728F000AE934 /* Assets.xcassets */; };
		2BD7780326D8728F000AE934 /* LaunchScreen.storyboard in Resources */ = {isa = PBXBuildFile; fileRef = 2BD7780126D8728F000AE934 /* LaunchScreen.storyboard */; };
		2BD7780C26D87328000AE934 /* SecondVC.swift in Sources */ = {isa = PBXBuildFile; fileRef = 2BD7780B26D87328000AE934 /* SecondVC.swift */; };
		2BD7780F26D877E1000AE934 /* ThirdVC.swift in Sources */ = {isa = PBXBuildFile; fileRef = 2BD7780E26D877E1000AE934 /* ThirdVC.swift */; };
/* End PBXBuildFile section */

/* Begin PBXFileReference section */
		2BD777F326D8728C000AE934 /* Project0827.app */ = {isa = PBXFileReference; explicitFileType = wrapper.application; includeInIndex = 0; path = Project0827.app; sourceTree = BUILT_PRODUCTS_DIR; };
		2BD777F626D8728C000AE934 /* AppDelegate.swift */ = {isa = PBXFileReference; lastKnownFileType = sourcecode.swift; path = AppDelegate.swift; sourceTree = "<group>"; };
		2BD777F826D8728C000AE934 /* SceneDelegate.swift */ = {isa = PBXFileReference; lastKnownFileType = sourcecode.swift; path = SceneDelegate.swift; sourceTree = "<group>"; };
		2BD777FA26D8728C000AE934 /* ViewController.swift */ = {isa = PBXFileReference; lastKnownFileType = sourcecode.swift; path = ViewController.swift; sourceTree = "<group>"; };
		2BD777FD26D8728C000AE934 /* Base */ = {isa = PBXFileReference; lastKnownFileType = file.storyboard; name = Base; path = Base.lproj/Main.storyboard; sourceTree = "<group>"; };
		2BD777FF26D8728F000AE934 /* Assets.xcassets */ = {isa = PBXFileReference; lastKnownFileType = folder.assetcatalog; path = Assets.xcassets; sourceTree = "<group>"; };
		2BD7780226D8728F000AE934 /* Base */ = {isa = PBXFileReference; lastKnownFileType = file.storyboard; name = Base; path = Base.lproj/LaunchScreen.storyboard; sourceTree = "<group>"; };
		2BD7780426D87290000AE934 /* Info.plist */ = {isa = PBXFileReference; lastKnownFileType = text.plist.xml; path = Info.plist; sourceTree = "<group>"; };
		2BD7780B26D87328000AE934 /* SecondVC.swift */ = {isa = PBXFileReference; lastKnownFileType = sourcecode.swift; path = SecondVC.swift; sourceTree = "<group>"; };
		2BD7780E26D877E1000AE934 /* ThirdVC.swift */ = {isa = PBXFileReference; lastKnownFileType = sourcecode.swift; path = ThirdVC.swift; sourceTree = "<group>"; };
/* End PBXFileReference section */

/* Begin PBXFrameworksBuildPhase section */
		2BD777F026D8728C000AE934 /* Frameworks */ = {
			isa = PBXFrameworksBuildPhase;
			buildActionMask = 2147483647;
			files = (
			);
			runOnlyForDeploymentPostprocessing = 0;
		};
/* End PBXFrameworksBuildPhase section */

/* Begin PBXGroup section */
		2BD777EA26D8728C000AE934 = {
			isa = PBXGroup;
			children = (
				2BD777F526D8728C000AE934 /* Project0827 */,
				2BD777F426D8728C000AE934 /* Products */,
			);
			sourceTree = "<group>";
		};
		2BD777F426D8728C000AE934 /* Products */ = {
			isa = PBXGroup;
			children = (
				2BD777F326D8728C000AE934 /* Project0827.app */,
			);
			name = Products;
			sourceTree = "<group>";
		};
		2BD777F526D8728C000AE934 /* Project0827 */ = {
			isa = PBXGroup;
			children = (
				2BD777F626D8728C000AE934 /* AppDelegate.swift */,
				2BD777F826D8728C000AE934 /* SceneDelegate.swift */,
				2BD777FA26D8728C000AE934 /* ViewController.swift */,
				2BD777FC26D8728C000AE934 /* Main.storyboard */,
				2BD777FF26D8728F000AE934 /* Assets.xcassets */,
				2BD7780126D8728F000AE934 /* LaunchScreen.storyboard */,
				2BD7780426D87290000AE934 /* Info.plist */,
				2BD7780B26D87328000AE934 /* SecondVC.swift */,
				2BD7780E26D877E1000AE934 /* ThirdVC.swift */,
			);
			path = Project0827;
			sourceTree = "<group>";
		};
/* End PBXGroup section */

/* Begin PBXNativeTarget section */
		2BD777F226D8728C000AE934 /* Project0827 */ = {
			isa = PBXNativeTarget;
			buildConfigurationList = 2BD7780726D87290000AE934 /* Build configuration list for PBXNativeTarget "Project0827" */;
			buildPhases = (
				2BD777EF26D8728C000AE934 /* Sources */,
				2BD777F026D8728C000AE934 /* Frameworks */,
				2BD777F126D8728C000AE934 /* Resources */,
			);
			buildRules = (
			);
			dependencies = (
			);
			name = Project0827;
			productName = Project0827;
			productReference = 2BD777F326D8728C000AE934 /* Project0827.app */;
			productType = "com.apple.product-type.application";
		};
/* End PBXNativeTarget section */

/* Begin PBXProject section */
		2BD777EB26D8728C000AE934 /* Project object */ = {
			isa = PBXProject;
			attributes = {
				LastSwiftUpdateCheck = 1220;
				LastUpgradeCheck = 1220;
				TargetAttributes = {
					2BD777F226D8728C000AE934 = {
						CreatedOnToolsVersion = 12.2;
					};
				};
			};
			buildConfigurationList = 2BD777EE26D8728C000AE934 /* Build configuration list for PBXProject "Project0827" */;
			compatibilityVersion = "Xcode 9.3";
			developmentRegion = en;
			hasScannedForEncodings = 0;
			knownRegions = (
				en,
				Base,
			);
			mainGroup = 2BD777EA26D8728C000AE934;
			productRefGroup = 2BD777F426D8728C000AE934 /* Products */;
			projectDirPath = "";
			projectRoot = "";
			targets = (
				2BD777F226D8728C000AE934 /* Project0827 */,
			);
		};
/* End PBXProject section */

/* Begin PBXResourcesBuildPhase section */
		2BD777F126D8728C000AE934 /* Resources */ = {
			isa = PBXResourcesBuildPhase;
			buildActionMask = 2147483647;
			files = (
				2BD7780326D8728F000AE934 /* LaunchScreen.storyboard in Resources */,
				2BD7780026D8728F000AE934 /* Assets.xcassets in Resources */,
				2BD777FE26D8728C000AE934 /* Main.storyboard in Resources */,
			);
			runOnlyForDeploymentPostprocessing = 0;
		};
/* End PBXResourcesBuildPhase section */

/* Begin PBXSourcesBuildPhase section */
		2BD777EF26D8728C000AE934 /* Sources */ = {
			isa = PBXSourcesBuildPhase;
			buildActionMask = 2147483647;
			files = (
				2BD777FB26D8728C000AE934 /* ViewController.swift in Sources */,
				2BD777F726D8728C000AE934 /* AppDelegate.swift in Sources */,
				2BD7780C26D87328000AE934 /* SecondVC.swift in Sources */,
				2BD777F926D8728C000AE934 /* SceneDelegate.swift in Sources */,
				2BD7780F26D877E1000AE934 /* ThirdVC.swift in Sources */,
			);
			runOnlyForDeploymentPostprocessing = 0;
		};
/* End PBXSourcesBuildPhase section */

/* Begin PBXVariantGroup section */
		2BD777FC26D8728C000AE934 /* Main.storyboard */ = {
			isa = PBXVariantGroup;
			children = (
				2BD777FD26D8728C000AE934 /* Base */,
			);
			name = Main.storyboard;
			sourceTree = "<group>";
		};
		2BD7780126D8728F000AE934 /* LaunchScreen.storyboard */ = {
			isa = PBXVariantGroup;
			children = (
				2BD7780226D8728F000AE934 /* Base */,
			);
			name = LaunchScreen.storyboard;
			sourceTree = "<group>";
		};
/* End PBXVariantGroup section */

/* Begin XCBuildConfiguration section */
		2BD7780526D87290000AE934 /* Debug */ = {
			isa = XCBuildConfiguration;
			buildSettings = {
				ALWAYS_SEARCH_USER_PATHS = NO;
				CLANG_ANALYZER_NONNULL = YES;
				CLANG_ANALYZER_NUMBER_OBJECT_CONVERSION = YES_AGGRESSIVE;
				CLANG_CXX_LANGUAGE_STANDARD = "gnu++14";
				CLANG_CXX_LIBRARY = "libc++";
				CLANG_ENABLE_MODULES = YES;
				CLANG_ENABLE_OBJC_ARC = YES;
				CLANG_ENABLE_OBJC_WEAK = YES;
				CLANG_WARN_BLOCK_CAPTURE_AUTORELEASING = YES;
				CLANG_WARN_BOOL_CONVERSION = YES;
				CLANG_WARN_COMMA = YES;
				CLANG_WARN_CONSTANT_CONVERSION = YES;
				CLANG_WARN_DEPRECATED_OBJC_IMPLEMENTATIONS = YES;
				CLANG_WARN_DIRECT_OBJC_ISA_USAGE = YES_ERROR;
				CLANG_WARN_DOCUMENTATION_COMMENTS = YES;
				CLANG_WARN_EMPTY_BODY = YES;
				CLANG_WARN_ENUM_CONVERSION = YES;
				CLANG_WARN_INFINITE_RECURSION = YES;
				CLANG_WARN_INT_CONVERSION = YES;
				CLANG_WARN_NON_LITERAL_NULL_CONVERSION = YES;
				CLANG_WARN_OBJC_IMPLICIT_RETAIN_SELF = YES;
				CLANG_WARN_OBJC_LITERAL_CONVERSION = YES;
				CLANG_WARN_OBJC_ROOT_CLASS = YES_ERROR;
				CLANG_WARN_QUOTED_INCLUDE_IN_FRAMEWORK_HEADER = YES;
				CLANG_WARN_RANGE_LOOP_ANALYSIS = YES;
				CLANG_WARN_STRICT_PROTOTYPES = YES;
				CLANG_WARN_SUSPICIOUS_MOVE = YES;
				CLANG_WARN_UNGUARDED_AVAILABILITY = YES_AGGRESSIVE;
				CLANG_WARN_UNREACHABLE_CODE = YES;
				CLANG_WARN__DUPLICATE_METHOD_MATCH = YES;
				COPY_PHASE_STRIP = NO;
				DEBUG_INFORMATION_FORMAT = dwarf;
				ENABLE_STRICT_OBJC_MSGSEND = YES;
				ENABLE_TESTABILITY = YES;
				GCC_C_LANGUAGE_STANDARD = gnu11;
				GCC_DYNAMIC_NO_PIC = NO;
				GCC_NO_COMMON_BLOCKS = YES;
				GCC_OPTIMIZATION_LEVEL = 0;
				GCC_PREPROCESSOR_DEFINITIONS = (
					"DEBUG=1",
					"$(inherited)",
				);
				GCC_WARN_64_TO_32_BIT_CONVERSION = YES;
				GCC_WARN_ABOUT_RETURN_TYPE = YES_ERROR;
				GCC_WARN_UNDECLARED_SELECTOR = YES;
				GCC_WARN_UNINITIALIZED_AUTOS = YES_AGGRESSIVE;
				GCC_WARN_UNUSED_FUNCTION = YES;
				GCC_WARN_UNUSED_VARIABLE = YES;
				IPHONEOS_DEPLOYMENT_TARGET = 14.2;
				MTL_ENABLE_DEBUG_INFO = INCLUDE_SOURCE;
				MTL_FAST_MATH = YES;
				ONLY_ACTIVE_ARCH = YES;
				SDKROOT = iphoneos;
				SWIFT_ACTIVE_COMPILATION_CONDITIONS = DEBUG;
				SWIFT_OPTIMIZATION_LEVEL = "-Onone";
			};
			name = Debug;
		};
		2BD7780626D87290000AE934 /* Release */ = {
			isa = XCBuildConfiguration;
			buildSettings = {
				ALWAYS_SEARCH_USER_PATHS = NO;
				CLANG_ANALYZER_NONNULL = YES;
				CLANG_ANALYZER_NUMBER_OBJECT_CONVERSION = YES_AGGRESSIVE;
				CLANG_CXX_LANGUAGE_STANDARD = "gnu++14";
				CLANG_CXX_LIBRARY = "libc++";
				CLANG_ENABLE_MODULES = YES;
				CLANG_ENABLE_OBJC_ARC = YES;
				CLANG_ENABLE_OBJC_WEAK = YES;
				CLANG_WARN_BLOCK_CAPTURE_AUTORELEASING = YES;
				CLANG_WARN_BOOL_CONVERSION = YES;
				CLANG_WARN_COMMA = YES;
				CLANG_WARN_CONSTANT_CONVERSION = YES;
				CLANG_WARN_DEPRECATED_OBJC_IMPLEMENTATIONS = YES;
				CLANG_WARN_DIRECT_OBJC_ISA_USAGE = YES_ERROR;
				CLANG_WARN_DOCUMENTATION_COMMENTS = YES;
				CLANG_WARN_EMPTY_BODY = YES;
				CLANG_WARN_ENUM_CONVERSION = YES;
				CLANG_WARN_INFINITE_RECURSION = YES;
				CLANG_WARN_INT_CONVERSION = YES;
				CLANG_WARN_NON_LITERAL_NULL_CONVERSION = YES;
				CLANG_WARN_OBJC_IMPLICIT_RETAIN_SELF = YES;
				CLANG_WARN_OBJC_LITERAL_CONVERSION = YES;
				CLANG_WARN_OBJC_ROOT_CLASS = YES_ERROR;
				CLANG_WARN_QUOTED_INCLUDE_IN_FRAMEWORK_HEADER = YES;
				CLANG_WARN_RANGE_LOOP_ANALYSIS = YES;
				CLANG_WARN_STRICT_PROTOTYPES = YES;
				CLANG_WARN_SUSPICIOUS_MOVE = YES;
				CLANG_WARN_UNGUARDED_AVAILABILITY = YES_AGGRESSIVE;
				CLANG_WARN_UNREACHABLE_CODE = YES;
				CLANG_WARN__DUPLICATE_METHOD_MATCH = YES;
				COPY_PHASE_STRIP = NO;
				DEBUG_INFORMATION_FORMAT = "dwarf-with-dsym";
				ENABLE_NS_ASSERTIONS = NO;
				ENABLE_STRICT_OBJC_MSGSEND = YES;
				GCC_C_LANGUAGE_STANDARD = gnu11;
				GCC_NO_COMMON_BLOCKS = YES;
				GCC_WARN_64_TO_32_BIT_CONVERSION = YES;
				GCC_WARN_ABOUT_RETURN_TYPE = YES_ERROR;
				GCC_WARN_UNDECLARED_SELECTOR = YES;
				GCC_WARN_UNINITIALIZED_AUTOS = YES_AGGRESSIVE;
				GCC_WARN_UNUSED_FUNCTION = YES;
				GCC_WARN_UNUSED_VARIABLE = YES;
				IPHONEOS_DEPLOYMENT_TARGET = 14.2;
				MTL_ENABLE_DEBUG_INFO = NO;
				MTL_FAST_MATH = YES;
				SDKROOT = iphoneos;
				SWIFT_COMPILATION_MODE = wholemodule;
				SWIFT_OPTIMIZATION_LEVEL = "-O";
				VALIDATE_PRODUCT = YES;
			};
			name = Release;
		};
		2BD7780826D87290000AE934 /* Debug */ = {
			isa = XCBuildConfiguration;
			buildSettings = {
				ASSETCATALOG_COMPILER_APPICON_NAME = AppIcon;
				ASSETCATALOG_COMPILER_GLOBAL_ACCENT_COLOR_NAME = AccentColor;
				CODE_SIGN_STYLE = Automatic;
				DEVELOPMENT_TEAM = 2Q6MH57SWY;
				INFOPLIST_FILE = Project0827/Info.plist;
				LD_RUNPATH_SEARCH_PATHS = (
					"$(inherited)",
					"@executable_path/Frameworks",
				);
				PRODUCT_BUNDLE_IDENTIFIER = com.jsy.Project0827;
				PRODUCT_NAME = "$(TARGET_NAME)";
				SWIFT_VERSION = 5.0;
				TARGETED_DEVICE_FAMILY = "1,2";
			};
			name = Debug;
		};
		2BD7780926D87290000AE934 /* Release */ = {
			isa = XCBuildConfiguration;
			buildSettings = {
				ASSETCATALOG_COMPILER_APPICON_NAME = AppIcon;
				ASSETCATALOG_COMPILER_GLOBAL_ACCENT_COLOR_NAME = AccentColor;
				CODE_SIGN_STYLE = Automatic;
				DEVELOPMENT_TEAM = 2Q6MH57SWY;
				INFOPLIST_FILE = Project0827/Info.plist;
				LD_RUNPATH_SEARCH_PATHS = (
					"$(inherited)",
					"@executable_path/Frameworks",
				);
				PRODUCT_BUNDLE_IDENTIFIER = com.jsy.Project0827;
				PRODUCT_NAME = "$(TARGET_NAME)";
				SWIFT_VERSION = 5.0;
				TARGETED_DEVICE_FAMILY = "1,2";
			};
			name = Release;
		};
/* End XCBuildConfiguration section */

/* Begin XCConfigurationList section */
		2BD777EE26D8728C000AE934 /* Build configuration list for PBXProject "Project0827" */ = {
			isa = XCConfigurationList;
			buildConfigurations = (
				2BD7780526D87290000AE934 /* Debug */,
				2BD7780626D87290000AE934 /* Release */,
			);
			defaultConfigurationIsVisible = 0;
			defaultConfigurationName = Release;
		};
		2BD7780726D87290000AE934 /* Build configuration list for PBXNativeTarget "Project0827" */ = {
			isa = XCConfigurationList;
			buildConfigurations = (
				2BD7780826D87290000AE934 /* Debug */,
				2BD7780926D87290000AE934 /* Release */,
			);
			defaultConfigurationIsVisible = 0;
			defaultConfigurationName = Release;
		};
/* End XCConfigurationList section */
	};
	rootObject = 2BD777EB26D8728C000AE934 /* Project object */;
}
